
Microsoft Visual Studio Solution File, Format Version 12.00
# Visual Studio Version 17
VisualStudioVersion = 17.8.34511.84
MinimumVisualStudioVersion = 10.0.40219.1
Project("{FAE04EC0-301F-11D3-BF4B-00C04F79EFBC}") = "CherrezProgreso3", "CherrezProgreso3.csproj", "{4AFB6D80-1A5A-48AF-BE7A-35DDE395274B}"
EndProject
Global
	GlobalSection(SolutionConfigurationPlatforms) = preSolution
		Debug|Any CPU = Debug|Any CPU
		Release|Any CPU = Release|Any CPU
	EndGlobalSection
	GlobalSection(ProjectConfigurationPlatforms) = postSolution
		{4AFB6D80-1A5A-48AF-BE7A-35DDE395274B}.Debug|Any CPU.ActiveCfg = Debug|Any CPU
		{4AFB6D80-1A5A-48AF-BE7A-35DDE395274B}.Debug|Any CPU.Build.0 = Debug|Any CPU
		{4AFB6D80-1A5A-48AF-BE7A-35DDE395274B}.Debug|Any CPU.Deploy.0 = Debug|Any CPU
		{4AFB6D80-1A5A-48AF-BE7A-35DDE395274B}.Release|Any CPU.ActiveCfg = Release|Any CPU
		{4AFB6D80-1A5A-48AF-BE7A-35DDE395274B}.Release|Any CPU.Build.0 = Release|Any CPU
		{4AFB6D80-1A5A-48AF-BE7A-35DDE395274B}.Release|Any CPU.Deploy.0 = Release|Any CPU
	EndGlobalSection
	GlobalSection(SolutionProperties) = preSolution
		HideSolutionNode = FALSE
	EndGlobalSection
	GlobalSection(ExtensibilityGlobals) = postSolution
		SolutionGuid = {26F3B1CA-ED80-4445-B0FE-218E318381F4}
	EndGlobalSection
EndGlobal
